
Microsoft Visual Studio Solution File, Format Version 12.00
# Visual Studio Version 17
VisualStudioVersion = 17.10.34916.146
MinimumVisualStudioVersion = 10.0.40219.1
Project("{9A19103F-16F7-4668-BE54-9A1E7A4F7556}") = "TestAPI", "TestAPI\TestAPI.csproj", "{DFDF1B91-184A-4BCF-9C8D-5E039035E2C5}"
EndProject
Project("{FAE04EC0-301F-11D3-BF4B-00C04F79EFBC}") = "UnitTest", "UnitTest\UnitTest.csproj", "{D5E021E6-066D-4A71-BF91-816E0F36FDBD}"
EndProject
Global
	GlobalSection(SolutionConfigurationPlatforms) = preSolution
		Debug|Any CPU = Debug|Any CPU
		Release|Any CPU = Release|Any CPU
	EndGlobalSection
	GlobalSection(ProjectConfigurationPlatforms) = postSolution
		{DFDF1B91-184A-4BCF-9C8D-5E039035E2C5}.Debug|Any CPU.ActiveCfg = Debug|Any CPU
		{DFDF1B91-184A-4BCF-9C8D-5E039035E2C5}.Debug|Any CPU.Build.0 = Debug|Any CPU
		{DFDF1B91-184A-4BCF-9C8D-5E039035E2C5}.Release|Any CPU.ActiveCfg = Release|Any CPU
		{DFDF1B91-184A-4BCF-9C8D-5E039035E2C5}.Release|Any CPU.Build.0 = Release|Any CPU
		{D5E021E6-066D-4A71-BF91-816E0F36FDBD}.Debug|Any CPU.ActiveCfg = Debug|Any CPU
		{D5E021E6-066D-4A71-BF91-816E0F36FDBD}.Debug|Any CPU.Build.0 = Debug|Any CPU
		{D5E021E6-066D-4A71-BF91-816E0F36FDBD}.Release|Any CPU.ActiveCfg = Release|Any CPU
		{D5E021E6-066D-4A71-BF91-816E0F36FDBD}.Release|Any CPU.Build.0 = Release|Any CPU
	EndGlobalSection
	GlobalSection(SolutionProperties) = preSolution
		HideSolutionNode = FALSE
	EndGlobalSection
	GlobalSection(ExtensibilityGlobals) = postSolution
		SolutionGuid = {62C70EF9-2BE9-4B1E-B572-C1D70E720BBA}
	EndGlobalSection
EndGlobal
